
Microsoft Visual Studio Solution File, Format Version 12.00
# Visual Studio Version 16
VisualStudioVersion = 16.0.30611.23
MinimumVisualStudioVersion = 10.0.40219.1
Project("{FAE04EC0-301F-11D3-BF4B-00C04F79EFBC}") = "Shapes", "Shapes\Shapes.csproj", "{5D306A21-2755-4C27-AE18-7584B916A3E2}"
EndProject
Project("{FAE04EC0-301F-11D3-BF4B-00C04F79EFBC}") = "Cars", "Cars\Cars.csproj", "{F91C471B-A078-4DD8-80AD-F231A5878D2B}"
EndProject
Global
	GlobalSection(SolutionConfigurationPlatforms) = preSolution
		Debug|Any CPU = Debug|Any CPU
		Release|Any CPU = Release|Any CPU
	EndGlobalSection
	GlobalSection(ProjectConfigurationPlatforms) = postSolution
		{5D306A21-2755-4C27-AE18-7584B916A3E2}.Debug|Any CPU.ActiveCfg = Debug|Any CPU
		{5D306A21-2755-4C27-AE18-7584B916A3E2}.Debug|Any CPU.Build.0 = Debug|Any CPU
		{5D306A21-2755-4C27-AE18-7584B916A3E2}.Release|Any CPU.ActiveCfg = Release|Any CPU
		{5D306A21-2755-4C27-AE18-7584B916A3E2}.Release|Any CPU.Build.0 = Release|Any CPU
		{F91C471B-A078-4DD8-80AD-F231A5878D2B}.Debug|Any CPU.ActiveCfg = Debug|Any CPU
		{F91C471B-A078-4DD8-80AD-F231A5878D2B}.Debug|Any CPU.Build.0 = Debug|Any CPU
		{F91C471B-A078-4DD8-80AD-F231A5878D2B}.Release|Any CPU.ActiveCfg = Release|Any CPU
		{F91C471B-A078-4DD8-80AD-F231A5878D2B}.Release|Any CPU.Build.0 = Release|Any CPU
	EndGlobalSection
	GlobalSection(SolutionProperties) = preSolution
		HideSolutionNode = FALSE
	EndGlobalSection
	GlobalSection(ExtensibilityGlobals) = postSolution
		SolutionGuid = {BCF54BAF-69E1-431F-916E-A98ACABF0E98}
	EndGlobalSection
EndGlobal
