
Microsoft Visual Studio Solution File, Format Version 12.00
# Visual Studio Version 16
VisualStudioVersion = 16.0.30611.23
MinimumVisualStudioVersion = 10.0.40219.1
Project("{FAE04EC0-301F-11D3-BF4B-00C04F79EFBC}") = "Farm", "Farm\Farm.csproj", "{34DB63FF-0811-41D9-87E4-2274CFCB4C57}"
EndProject
Project("{FAE04EC0-301F-11D3-BF4B-00C04F79EFBC}") = "CustomRandomList", "CustomRandomList\CustomRandomList.csproj", "{D2982096-BE14-4E80-B524-D0E7C541F121}"
EndProject
Project("{FAE04EC0-301F-11D3-BF4B-00C04F79EFBC}") = "CustomStack", "CustomStack\CustomStack.csproj", "{F4CFC043-3E45-4245-8FD9-EE54CE2A29CD}"
EndProject
Global
	GlobalSection(SolutionConfigurationPlatforms) = preSolution
		Debug|Any CPU = Debug|Any CPU
		Release|Any CPU = Release|Any CPU
	EndGlobalSection
	GlobalSection(ProjectConfigurationPlatforms) = postSolution
		{34DB63FF-0811-41D9-87E4-2274CFCB4C57}.Debug|Any CPU.ActiveCfg = Debug|Any CPU
		{34DB63FF-0811-41D9-87E4-2274CFCB4C57}.Debug|Any CPU.Build.0 = Debug|Any CPU
		{34DB63FF-0811-41D9-87E4-2274CFCB4C57}.Release|Any CPU.ActiveCfg = Release|Any CPU
		{34DB63FF-0811-41D9-87E4-2274CFCB4C57}.Release|Any CPU.Build.0 = Release|Any CPU
		{D2982096-BE14-4E80-B524-D0E7C541F121}.Debug|Any CPU.ActiveCfg = Debug|Any CPU
		{D2982096-BE14-4E80-B524-D0E7C541F121}.Debug|Any CPU.Build.0 = Debug|Any CPU
		{D2982096-BE14-4E80-B524-D0E7C541F121}.Release|Any CPU.ActiveCfg = Release|Any CPU
		{D2982096-BE14-4E80-B524-D0E7C541F121}.Release|Any CPU.Build.0 = Release|Any CPU
		{F4CFC043-3E45-4245-8FD9-EE54CE2A29CD}.Debug|Any CPU.ActiveCfg = Debug|Any CPU
		{F4CFC043-3E45-4245-8FD9-EE54CE2A29CD}.Debug|Any CPU.Build.0 = Debug|Any CPU
		{F4CFC043-3E45-4245-8FD9-EE54CE2A29CD}.Release|Any CPU.ActiveCfg = Release|Any CPU
		{F4CFC043-3E45-4245-8FD9-EE54CE2A29CD}.Release|Any CPU.Build.0 = Release|Any CPU
	EndGlobalSection
	GlobalSection(SolutionProperties) = preSolution
		HideSolutionNode = FALSE
	EndGlobalSection
	GlobalSection(ExtensibilityGlobals) = postSolution
		SolutionGuid = {439F8A2C-D1FA-4E97-8B7A-35E4A4F514F0}
	EndGlobalSection
EndGlobal
